
Microsoft Visual Studio Solution File, Format Version 11.00
# Visual Studio 2010
Project("{FAE04EC0-301F-11D3-BF4B-00C04F79EFBC}") = "UnityEngine.TestRunner", "UnityEngine.TestRunner.csproj", "{a948c563-ab5f-3cd3-8323-248625a4e966}"
EndProject
Project("{FAE04EC0-301F-11D3-BF4B-00C04F79EFBC}") = "UnityEngine.UI", "UnityEngine.UI.csproj", "{725ed6b2-b530-6a25-c504-85d7a8cc8be5}"
EndProject
Project("{FAE04EC0-301F-11D3-BF4B-00C04F79EFBC}") = "Unity.TextMeshPro", "Unity.TextMeshPro.csproj", "{93b79698-2a36-926b-2a52-7461ce8953f8}"
EndProject
Project("{FAE04EC0-301F-11D3-BF4B-00C04F79EFBC}") = "Unity.Timeline", "Unity.Timeline.csproj", "{a5fa5978-aff4-185d-42bc-99d422749e85}"
EndProject
Project("{FAE04EC0-301F-11D3-BF4B-00C04F79EFBC}") = "UnityEditor.TestRunner", "UnityEditor.TestRunner.csproj", "{6611170d-8280-13d3-144f-701ced1cb464}"
EndProject
Project("{FAE04EC0-301F-11D3-BF4B-00C04F79EFBC}") = "Unity.VisualStudio.Editor", "Unity.VisualStudio.Editor.csproj", "{6f1980a7-ff53-115e-d91c-f02d38d67ea2}"
EndProject
Project("{FAE04EC0-301F-11D3-BF4B-00C04F79EFBC}") = "Unity.TextMeshPro.Editor", "Unity.TextMeshPro.Editor.csproj", "{d0abf875-458a-f48c-9c01-5fec2e0d1182}"
EndProject
Project("{FAE04EC0-301F-11D3-BF4B-00C04F79EFBC}") = "Unity.Timeline.Editor", "Unity.Timeline.Editor.csproj", "{ac07220b-e630-5cad-680d-16348d1e8c06}"
EndProject
Project("{FAE04EC0-301F-11D3-BF4B-00C04F79EFBC}") = "Unity.PlasticSCM.Editor", "Unity.PlasticSCM.Editor.csproj", "{0b307aeb-1177-0d30-4843-637e2f4218f9}"
EndProject
Project("{FAE04EC0-301F-11D3-BF4B-00C04F79EFBC}") = "UnityEditor.UI", "UnityEditor.UI.csproj", "{c8b2751a-1cfc-3ae2-ee7f-b8d0f7374cfb}"
EndProject
Project("{FAE04EC0-301F-11D3-BF4B-00C04F79EFBC}") = "Unity.Rider.Editor", "Unity.Rider.Editor.csproj", "{531a47f5-e8a8-6fb9-56dc-882b6fe3cd67}"
EndProject
Project("{FAE04EC0-301F-11D3-BF4B-00C04F79EFBC}") = "Unity.CollabProxy.Editor", "Unity.CollabProxy.Editor.csproj", "{f65561b3-43d6-a41a-122b-c14da8c309bc}"
EndProject
Project("{FAE04EC0-301F-11D3-BF4B-00C04F79EFBC}") = "Unity.VSCode.Editor", "Unity.VSCode.Editor.csproj", "{ab2f6269-b482-c012-8804-d18c4faf071b}"
EndProject
Global
	GlobalSection(SolutionConfigurationPlatforms) = preSolution
		Debug|Any CPU = Debug|Any CPU
	EndGlobalSection
	GlobalSection(ProjectConfigurationPlatforms) = postSolution
		{a948c563-ab5f-3cd3-8323-248625a4e966}.Debug|Any CPU.ActiveCfg = Debug|Any CPU
		{a948c563-ab5f-3cd3-8323-248625a4e966}.Debug|Any CPU.Build.0 = Debug|Any CPU
		{725ed6b2-b530-6a25-c504-85d7a8cc8be5}.Debug|Any CPU.ActiveCfg = Debug|Any CPU
		{725ed6b2-b530-6a25-c504-85d7a8cc8be5}.Debug|Any CPU.Build.0 = Debug|Any CPU
		{93b79698-2a36-926b-2a52-7461ce8953f8}.Debug|Any CPU.ActiveCfg = Debug|Any CPU
		{93b79698-2a36-926b-2a52-7461ce8953f8}.Debug|Any CPU.Build.0 = Debug|Any CPU
		{a5fa5978-aff4-185d-42bc-99d422749e85}.Debug|Any CPU.ActiveCfg = Debug|Any CPU
		{a5fa5978-aff4-185d-42bc-99d422749e85}.Debug|Any CPU.Build.0 = Debug|Any CPU
		{6611170d-8280-13d3-144f-701ced1cb464}.Debug|Any CPU.ActiveCfg = Debug|Any CPU
		{6611170d-8280-13d3-144f-701ced1cb464}.Debug|Any CPU.Build.0 = Debug|Any CPU
		{6f1980a7-ff53-115e-d91c-f02d38d67ea2}.Debug|Any CPU.ActiveCfg = Debug|Any CPU
		{6f1980a7-ff53-115e-d91c-f02d38d67ea2}.Debug|Any CPU.Build.0 = Debug|Any CPU
		{d0abf875-458a-f48c-9c01-5fec2e0d1182}.Debug|Any CPU.ActiveCfg = Debug|Any CPU
		{d0abf875-458a-f48c-9c01-5fec2e0d1182}.Debug|Any CPU.Build.0 = Debug|Any CPU
		{ac07220b-e630-5cad-680d-16348d1e8c06}.Debug|Any CPU.ActiveCfg = Debug|Any CPU
		{ac07220b-e630-5cad-680d-16348d1e8c06}.Debug|Any CPU.Build.0 = Debug|Any CPU
		{0b307aeb-1177-0d30-4843-637e2f4218f9}.Debug|Any CPU.ActiveCfg = Debug|Any CPU
		{0b307aeb-1177-0d30-4843-637e2f4218f9}.Debug|Any CPU.Build.0 = Debug|Any CPU
		{c8b2751a-1cfc-3ae2-ee7f-b8d0f7374cfb}.Debug|Any CPU.ActiveCfg = Debug|Any CPU
		{c8b2751a-1cfc-3ae2-ee7f-b8d0f7374cfb}.Debug|Any CPU.Build.0 = Debug|Any CPU
		{531a47f5-e8a8-6fb9-56dc-882b6fe3cd67}.Debug|Any CPU.ActiveCfg = Debug|Any CPU
		{531a47f5-e8a8-6fb9-56dc-882b6fe3cd67}.Debug|Any CPU.Build.0 = Debug|Any CPU
		{f65561b3-43d6-a41a-122b-c14da8c309bc}.Debug|Any CPU.ActiveCfg = Debug|Any CPU
		{f65561b3-43d6-a41a-122b-c14da8c309bc}.Debug|Any CPU.Build.0 = Debug|Any CPU
		{ab2f6269-b482-c012-8804-d18c4faf071b}.Debug|Any CPU.ActiveCfg = Debug|Any CPU
		{ab2f6269-b482-c012-8804-d18c4faf071b}.Debug|Any CPU.Build.0 = Debug|Any CPU
	EndGlobalSection
	GlobalSection(SolutionProperties) = preSolution
		HideSolutionNode = FALSE
	EndGlobalSection
EndGlobal
